// !$*UTF8*$!
{
	archiveVersion = 1;
	classes = {
	};
	objectVersion = 46;
	objects = {

/* Begin PBXBuildFile section */
		8C1509B11E82ACDA00D66AD2 /* main.m in Sources */ = {isa = PBXBuildFile; fileRef = 8C1509B01E82ACDA00D66AD2 /* main.m */; };
		8C1509B41E82ACDA00D66AD2 /* AppDelegate.m in Sources */ = {isa = PBXBuildFile; fileRef = 8C1509B31E82ACDA00D66AD2 /* AppDelegate.m */; };
		8C1509B71E82ACDA00D66AD2 /* ViewController.m in Sources */ = {isa = PBXBuildFile; fileRef = 8C1509B61E82ACDA00D66AD2 /* ViewController.m */; };
		8C1509BA1E82ACDB00D66AD2 /* Main.storyboard in Resources */ = {isa = PBXBuildFile; fileRef = 8C1509B81E82ACDB00D66AD2 /* Main.storyboard */; };
		8C1509BC1E82ACDB00D66AD2 /* Assets.xcassets in Resources */ = {isa = PBXBuildFile; fileRef = 8C1509BB1E82ACDB00D66AD2 /* Assets.xcassets */; };
		8C1509BF1E82ACDB00D66AD2 /* LaunchScreen.storyboard in Resources */ = {isa = PBXBuildFile; fileRef = 8C1509BD1E82ACDB00D66AD2 /* LaunchScreen.storyboard */; };
		8C1509CA1E82ACDB00D66AD2 /* AutoLayoutsTests.m in Sources */ = {isa = PBXBuildFile; fileRef = 8C1509C91E82ACDB00D66AD2 /* AutoLayoutsTests.m */; };
		8C1509D51E82ACDB00D66AD2 /* AutoLayoutsUITests.m in Sources */ = {isa = PBXBuildFile; fileRef = 8C1509D41E82ACDB00D66AD2 /* AutoLayoutsUITests.m */; };
/* End PBXBuildFile section */

/* Begin PBXContainerItemProxy section */
		8C1509C61E82ACDB00D66AD2 /* PBXContainerItemProxy */ = {
			isa = PBXContainerItemProxy;
			containerPortal = 8C1509A41E82ACDA00D66AD2 /* Project object */;
			proxyType = 1;
			remoteGlobalIDString = 8C1509AB1E82ACDA00D66AD2;
			remoteInfo = AutoLayouts;
		};
		8C1509D11E82ACDB00D66AD2 /* PBXContainerItemProxy */ = {
			isa = PBXContainerItemProxy;
			containerPortal = 8C1509A41E82ACDA00D66AD2 /* Project object */;
			proxyType = 1;
			remoteGlobalIDString = 8C1509AB1E82ACDA00D66AD2;
			remoteInfo = AutoLayouts;
		};
/* End PBXContainerItemProxy section */

/* Begin PBXFileReference section */
		8C1509AC1E82ACDA00D66AD2 /* AutoLayouts.app */ = {isa = PBXFileReference; explicitFileType = wrapper.application; includeInIndex = 0; path = AutoLayouts.app; sourceTree = BUILT_PRODUCTS_DIR; };
		8C1509B01E82ACDA00D66AD2 /* main.m */ = {isa = PBXFileReference; lastKnownFileType = sourcecode.c.objc; path = main.m; sourceTree = "<group>"; };
		8C1509B21E82ACDA00D66AD2 /* AppDelegate.h */ = {isa = PBXFileReference; lastKnownFileType = sourcecode.c.h; path = AppDelegate.h; sourceTree = "<group>"; };
		8C1509B31E82ACDA00D66AD2 /* AppDelegate.m */ = {isa = PBXFileReference; lastKnownFileType = sourcecode.c.objc; path = AppDelegate.m; sourceTree = "<group>"; };
		8C1509B51E82ACDA00D66AD2 /* ViewController.h */ = {isa = PBXFileReference; lastKnownFileType = sourcecode.c.h; path = ViewController.h; sourceTree = "<group>"; };
		8C1509B61E82ACDA00D66AD2 /* ViewController.m */ = {isa = PBXFileReference; lastKnownFileType = sourcecode.c.objc; path = ViewController.m; sourceTree = "<group>"; };
		8C1509B91E82ACDB00D66AD2 /* Base */ = {isa = PBXFileReference; lastKnownFileType = file.storyboard; name = Base; path = Base.lproj/Main.storyboard; sourceTree = "<group>"; };
		8C1509BB1E82ACDB00D66AD2 /* Assets.xcassets */ = {isa = PBXFileReference; lastKnownFileType = folder.assetcatalog; path = Assets.xcassets; sourceTree = "<group>"; };
		8C1509BE1E82ACDB00D66AD2 /* Base */ = {isa = PBXFileReference; lastKnownFileType = file.storyboard; name = Base; path = Base.lproj/LaunchScreen.storyboard; sourceTree = "<group>"; };
		8C1509C01E82ACDB00D66AD2 /* Info.plist */ = {isa = PBXFileReference; lastKnownFileType = text.plist.xml; path = Info.plist; sourceTree = "<group>"; };
		8C1509C51E82ACDB00D66AD2 /* AutoLayoutsTests.xctest */ = {isa = PBXFileReference; explicitFileType = wrapper.cfbundle; includeInIndex = 0; path = AutoLayoutsTests.xctest; sourceTree = BUILT_PRODUCTS_DIR; };
		8C1509C91E82ACDB00D66AD2 /* AutoLayoutsTests.m */ = {isa = PBXFileReference; lastKnownFileType = sourcecode.c.objc; path = AutoLayoutsTests.m; sourceTree = "<group>"; };
		8C1509CB1E82ACDB00D66AD2 /* Info.plist */ = {isa = PBXFileReference; lastKnownFileType = text.plist.xml; path = Info.plist; sourceTree = "<group>"; };
		8C1509D01E82ACDB00D66AD2 /* AutoLayoutsUITests.xctest */ = {isa = PBXFileReference; explicitFileType = wrapper.cfbundle; includeInIndex = 0; path = AutoLayoutsUITests.xctest; sourceTree = BUILT_PRODUCTS_DIR; };
		8C1509D41E82ACDB00D66AD2 /* AutoLayoutsUITests.m */ = {isa = PBXFileReference; lastKnownFileType = sourcecode.c.objc; path = AutoLayoutsUITests.m; sourceTree = "<group>"; };
		8C1509D61E82ACDB00D66AD2 /* Info.plist */ = {isa = PBXFileReference; lastKnownFileType = text.plist.xml; path = Info.plist; sourceTree = "<group>"; };
/* End PBXFileReference section */

/* Begin PBXFrameworksBuildPhase section */
		8C1509A91E82ACDA00D66AD2 /* Frameworks */ = {
			isa = PBXFrameworksBuildPhase;
			buildActionMask = 2147483647;
			files = (
			);
			runOnlyForDeploymentPostprocessing = 0;
		};
		8C1509C21E82ACDB00D66AD2 /* Frameworks */ = {
			isa = PBXFrameworksBuildPhase;
			buildActionMask = 2147483647;
			files = (
			);
			runOnlyForDeploymentPostprocessing = 0;
		};
		8C1509CD1E82ACDB00D66AD2 /* Frameworks */ = {
			isa = PBXFrameworksBuildPhase;
			buildActionMask = 2147483647;
			files = (
			);
			runOnlyForDeploymentPostprocessing = 0;
		};
/* End PBXFrameworksBuildPhase section */

/* Begin PBXGroup section */
		8C1509A31E82ACDA00D66AD2 = {
			isa = PBXGroup;
			children = (
				8C1509AE1E82ACDA00D66AD2 /* AutoLayouts */,
				8C1509C81E82ACDB00D66AD2 /* AutoLayoutsTests */,
				8C1509D31E82ACDB00D66AD2 /* AutoLayoutsUITests */,
				8C1509AD1E82ACDA00D66AD2 /* Products */,
			);
			sourceTree = "<group>";
		};
		8C1509AD1E82ACDA00D66AD2 /* Products */ = {
			isa = PBXGroup;
			children = (
				8C1509AC1E82ACDA00D66AD2 /* AutoLayouts.app */,
				8C1509C51E82ACDB00D66AD2 /* AutoLayoutsTests.xctest */,
				8C1509D01E82ACDB00D66AD2 /* AutoLayoutsUITests.xctest */,
			);
			name = Products;
			sourceTree = "<group>";
		};
		8C1509AE1E82ACDA00D66AD2 /* AutoLayouts */ = {
			isa = PBXGroup;
			children = (
				8C1509B21E82ACDA00D66AD2 /* AppDelegate.h */,
				8C1509B31E82ACDA00D66AD2 /* AppDelegate.m */,
				8C1509B51E82ACDA00D66AD2 /* ViewController.h */,
				8C1509B61E82ACDA00D66AD2 /* ViewController.m */,
				8C1509B81E82ACDB00D66AD2 /* Main.storyboard */,
				8C1509BB1E82ACDB00D66AD2 /* Assets.xcassets */,
				8C1509BD1E82ACDB00D66AD2 /* LaunchScreen.storyboard */,
				8C1509C01E82ACDB00D66AD2 /* Info.plist */,
				8C1509AF1E82ACDA00D66AD2 /* Supporting Files */,
			);
			path = AutoLayouts;
			sourceTree = "<group>";
		};
		8C1509AF1E82ACDA00D66AD2 /* Supporting Files */ = {
			isa = PBXGroup;
			children = (
				8C1509B01E82ACDA00D66AD2 /* main.m */,
			);
			name = "Supporting Files";
			sourceTree = "<group>";
		};
		8C1509C81E82ACDB00D66AD2 /* AutoLayoutsTests */ = {
			isa = PBXGroup;
			children = (
				8C1509C91E82ACDB00D66AD2 /* AutoLayoutsTests.m */,
				8C1509CB1E82ACDB00D66AD2 /* Info.plist */,
			);
			path = AutoLayoutsTests;
			sourceTree = "<group>";
		};
		8C1509D31E82ACDB00D66AD2 /* AutoLayoutsUITests */ = {
			isa = PBXGroup;
			children = (
				8C1509D41E82ACDB00D66AD2 /* AutoLayoutsUITests.m */,
				8C1509D61E82ACDB00D66AD2 /* Info.plist */,
			);
			path = AutoLayoutsUITests;
			sourceTree = "<group>";
		};
/* End PBXGroup section */

/* Begin PBXNativeTarget section */
		8C1509AB1E82ACDA00D66AD2 /* AutoLayouts */ = {
			isa = PBXNativeTarget;
			buildConfigurationList = 8C1509D91E82ACDB00D66AD2 /* Build configuration list for PBXNativeTarget "AutoLayouts" */;
			buildPhases = (
				8C1509A81E82ACDA00D66AD2 /* Sources */,
				8C1509A91E82ACDA00D66AD2 /* Frameworks */,
				8C1509AA1E82ACDA00D66AD2 /* Resources */,
			);
			buildRules = (
			);
			dependencies = (
			);
			name = AutoLayouts;
			productName = AutoLayouts;
			productReference = 8C1509AC1E82ACDA00D66AD2 /* AutoLayouts.app */;
			productType = "com.apple.product-type.application";
		};
		8C1509C41E82ACDB00D66AD2 /* AutoLayoutsTests */ = {
			isa = PBXNativeTarget;
			buildConfigurationList = 8C1509DC1E82ACDB00D66AD2 /* Build configuration list for PBXNativeTarget "AutoLayoutsTests" */;
			buildPhases = (
				8C1509C11E82ACDB00D66AD2 /* Sources */,
				8C1509C21E82ACDB00D66AD2 /* Frameworks */,
				8C1509C31E82ACDB00D66AD2 /* Resources */,
			);
			buildRules = (
			);
			dependencies = (
				8C1509C71E82ACDB00D66AD2 /* PBXTargetDependency */,
			);
			name = AutoLayoutsTests;
			productName = AutoLayoutsTests;
			productReference = 8C1509C51E82ACDB00D66AD2 /* AutoLayoutsTests.xctest */;
			productType = "com.apple.product-type.bundle.unit-test";
		};
		8C1509CF1E82ACDB00D66AD2 /* AutoLayoutsUITests */ = {
			isa = PBXNativeTarget;
			buildConfigurationList = 8C1509DF1E82ACDB00D66AD2 /* Build configuration list for PBXNativeTarget "AutoLayoutsUITests" */;
			buildPhases = (
				8C1509CC1E82ACDB00D66AD2 /* Sources */,
				8C1509CD1E82ACDB00D66AD2 /* Frameworks */,
				8C1509CE1E82ACDB00D66AD2 /* Resources */,
			);
			buildRules = (
			);
			dependencies = (
				8C1509D21E82ACDB00D66AD2 /* PBXTargetDependency */,
			);
			name = AutoLayoutsUITests;
			productName = AutoLayoutsUITests;
			productReference = 8C1509D01E82ACDB00D66AD2 /* AutoLayoutsUITests.xctest */;
			productType = "com.apple.product-type.bundle.ui-testing";
		};
/* End PBXNativeTarget section */

/* Begin PBXProject section */
		8C1509A41E82ACDA00D66AD2 /* Project object */ = {
			isa = PBXProject;
			attributes = {
				LastUpgradeCheck = 0730;
				ORGANIZATIONNAME = ecare;
				TargetAttributes = {
					8C1509AB1E82ACDA00D66AD2 = {
						CreatedOnToolsVersion = 7.3;
					};
					8C1509C41E82ACDB00D66AD2 = {
						CreatedOnToolsVersion = 7.3;
						TestTargetID = 8C1509AB1E82ACDA00D66AD2;
					};
					8C1509CF1E82ACDB00D66AD2 = {
						CreatedOnToolsVersion = 7.3;
						TestTargetID = 8C1509AB1E82ACDA00D66AD2;
					};
				};
			};
			buildConfigurationList = 8C1509A71E82ACDA00D66AD2 /* Build configuration list for PBXProject "AutoLayouts" */;
			compatibilityVersion = "Xcode 3.2";
			developmentRegion = English;
			hasScannedForEncodings = 0;
			knownRegions = (
				en,
				Base,
			);
			mainGroup = 8C1509A31E82ACDA00D66AD2;
			productRefGroup = 8C1509AD1E82ACDA00D66AD2 /* Products */;
			projectDirPath = "";
			projectRoot = "";
			targets = (
				8C1509AB1E82ACDA00D66AD2 /* AutoLayouts */,
				8C1509C41E82ACDB00D66AD2 /* AutoLayoutsTests */,
				8C1509CF1E82ACDB00D66AD2 /* AutoLayoutsUITests */,
			);
		};
/* End PBXProject section */

/* Begin PBXResourcesBuildPhase section */
		8C1509AA1E82ACDA00D66AD2 /* Resources */ = {
			isa = PBXResourcesBuildPhase;
			buildActionMask = 2147483647;
			files = (
				8C1509BF1E82ACDB00D66AD2 /* LaunchScreen.storyboard in Resources */,
				8C1509BC1E82ACDB00D66AD2 /* Assets.xcassets in Resources */,
				8C1509BA1E82ACDB00D66AD2 /* Main.storyboard in Resources */,
			);
			runOnlyForDeploymentPostprocessing = 0;
		};
		8C1509C31E82ACDB00D66AD2 /* Resources */ = {
			isa = PBXResourcesBuildPhase;
			buildActionMask = 2147483647;
			files = (
			);
			runOnlyForDeploymentPostprocessing = 0;
		};
		8C1509CE1E82ACDB00D66AD2 /* Resources */ = {
			isa = PBXResourcesBuildPhase;
			buildActionMask = 2147483647;
			files = (
			);
			runOnlyForDeploymentPostprocessing = 0;
		};
/* End PBXResourcesBuildPhase section */

/* Begin PBXSourcesBuildPhase section */
		8C1509A81E82ACDA00D66AD2 /* Sources */ = {
			isa = PBXSourcesBuildPhase;
			buildActionMask = 2147483647;
			files = (
				8C1509B71E82ACDA00D66AD2 /* ViewController.m in Sources */,
				8C1509B41E82ACDA00D66AD2 /* AppDelegate.m in Sources */,
				8C1509B11E82ACDA00D66AD2 /* main.m in Sources */,
			);
			runOnlyForDeploymentPostprocessing = 0;
		};
		8C1509C11E82ACDB00D66AD2 /* Sources */ = {
			isa = PBXSourcesBuildPhase;
			buildActionMask = 2147483647;
			files = (
				8C1509CA1E82ACDB00D66AD2 /* AutoLayoutsTests.m in Sources */,
			);
			runOnlyForDeploymentPostprocessing = 0;
		};
		8C1509CC1E82ACDB00D66AD2 /* Sources */ = {
			isa = PBXSourcesBuildPhase;
			buildActionMask = 2147483647;
			files = (
				8C1509D51E82ACDB00D66AD2 /* AutoLayoutsUITests.m in Sources */,
			);
			runOnlyForDeploymentPostprocessing = 0;
		};
/* End PBXSourcesBuildPhase section */

/* Begin PBXTargetDependency section */
		8C1509C71E82ACDB00D66AD2 /* PBXTargetDependency */ = {
			isa = PBXTargetDependency;
			target = 8C1509AB1E82ACDA00D66AD2 /* AutoLayouts */;
			targetProxy = 8C1509C61E82ACDB00D66AD2 /* PBXContainerItemProxy */;
		};
		8C1509D21E82ACDB00D66AD2 /* PBXTargetDependency */ = {
			isa = PBXTargetDependency;
			target = 8C1509AB1E82ACDA00D66AD2 /* AutoLayouts */;
			targetProxy = 8C1509D11E82ACDB00D66AD2 /* PBXContainerItemProxy */;
		};
/* End PBXTargetDependency section */

/* Begin PBXVariantGroup section */
		8C1509B81E82ACDB00D66AD2 /* Main.storyboard */ = {
			isa = PBXVariantGroup;
			children = (
				8C1509B91E82ACDB00D66AD2 /* Base */,
			);
			name = Main.storyboard;
			sourceTree = "<group>";
		};
		8C1509BD1E82ACDB00D66AD2 /* LaunchScreen.storyboard */ = {
			isa = PBXVariantGroup;
			children = (
				8C1509BE1E82ACDB00D66AD2 /* Base */,
			);
			name = LaunchScreen.storyboard;
			sourceTree = "<group>";
		};
/* End PBXVariantGroup section */

/* Begin XCBuildConfiguration section */
		8C1509D71E82ACDB00D66AD2 /* Debug */ = {
			isa = XCBuildConfiguration;
			buildSettings = {
				ALWAYS_SEARCH_USER_PATHS = NO;
				CLANG_ANALYZER_NONNULL = YES;
				CLANG_CXX_LANGUAGE_STANDARD = "gnu++0x";
				CLANG_CXX_LIBRARY = "libc++";
				CLANG_ENABLE_MODULES = YES;
				CLANG_ENABLE_OBJC_ARC = YES;
				CLANG_WARN_BOOL_CONVERSION = YES;
				CLANG_WARN_CONSTANT_CONVERSION = YES;
				CLANG_WARN_DIRECT_OBJC_ISA_USAGE = YES_ERROR;
				CLANG_WARN_EMPTY_BODY = YES;
				CLANG_WARN_ENUM_CONVERSION = YES;
				CLANG_WARN_INT_CONVERSION = YES;
				CLANG_WARN_OBJC_ROOT_CLASS = YES_ERROR;
				CLANG_WARN_UNREACHABLE_CODE = YES;
				CLANG_WARN__DUPLICATE_METHOD_MATCH = YES;
				"CODE_SIGN_IDENTITY[sdk=iphoneos*]" = "iPhone Developer";
				COPY_PHASE_STRIP = NO;
				DEBUG_INFORMATION_FORMAT = dwarf;
				ENABLE_STRICT_OBJC_MSGSEND = YES;
				ENABLE_TESTABILITY = YES;
				GCC_C_LANGUAGE_STANDARD = gnu99;
				GCC_DYNAMIC_NO_PIC = NO;
				GCC_NO_COMMON_BLOCKS = YES;
				GCC_OPTIMIZATION_LEVEL = 0;
				GCC_PREPROCESSOR_DEFINITIONS = (
					"DEBUG=1",
					"$(inherited)",
				);
				GCC_WARN_64_TO_32_BIT_CONVERSION = YES;
				GCC_WARN_ABOUT_RETURN_TYPE = YES_ERROR;
				GCC_WARN_UNDECLARED_SELECTOR = YES;
				GCC_WARN_UNINITIALIZED_AUTOS = YES_AGGRESSIVE;
				GCC_WARN_UNUSED_FUNCTION = YES;
				GCC_WARN_UNUSED_VARIABLE = YES;
				IPHONEOS_DEPLOYMENT_TARGET = 9.3;
				MTL_ENABLE_DEBUG_INFO = YES;
				ONLY_ACTIVE_ARCH = YES;
				SDKROOT = iphoneos;
			};
			name = Debug;
		};
		8C1509D81E82ACDB00D66AD2 /* Release */ = {
			isa = XCBuildConfiguration;
			buildSettings = {
				ALWAYS_SEARCH_USER_PATHS = NO;
				CLANG_ANALYZER_NONNULL = YES;
				CLANG_CXX_LANGUAGE_STANDARD = "gnu++0x";
				CLANG_CXX_LIBRARY = "libc++";
				CLANG_ENABLE_MODULES = YES;
				CLANG_ENABLE_OBJC_ARC = YES;
				CLANG_WARN_BOOL_CONVERSION = YES;
				CLANG_WARN_CONSTANT_CONVERSION = YES;
				CLANG_WARN_DIRECT_OBJC_ISA_USAGE = YES_ERROR;
				CLANG_WARN_EMPTY_BODY = YES;
				CLANG_WARN_ENUM_CONVERSION = YES;
				CLANG_WARN_INT_CONVERSION = YES;
				CLANG_WARN_OBJC_ROOT_CLASS = YES_ERROR;
				CLANG_WARN_UNREACHABLE_CODE = YES;
				CLANG_WARN__DUPLICATE_METHOD_MATCH = YES;
				"CODE_SIGN_IDENTITY[sdk=iphoneos*]" = "iPhone Developer";
				COPY_PHASE_STRIP = NO;
				DEBUG_INFORMATION_FORMAT = "dwarf-with-dsym";
				ENABLE_NS_ASSERTIONS = NO;
				ENABLE_STRICT_OBJC_MSGSEND = YES;
				GCC_C_LANGUAGE_STANDARD = gnu99;
				GCC_NO_COMMON_BLOCKS = YES;
				GCC_WARN_64_TO_32_BIT_CONVERSION = YES;
				GCC_WARN_ABOUT_RETURN_TYPE = YES_ERROR;
				GCC_WARN_UNDECLARED_SELECTOR = YES;
				GCC_WARN_UNINITIALIZED_AUTOS = YES_AGGRESSIVE;
				GCC_WARN_UNUSED_FUNCTION = YES;
				GCC_WARN_UNUSED_VARIABLE = YES;
				IPHONEOS_DEPLOYMENT_TARGET = 9.3;
				MTL_ENABLE_DEBUG_INFO = NO;
				SDKROOT = iphoneos;
				VALIDATE_PRODUCT = YES;
			};
			name = Release;
		};
		8C1509DA1E82ACDB00D66AD2 /* Debug */ = {
			isa = XCBuildConfiguration;
			buildSettings = {
				ASSETCATALOG_COMPILER_APPICON_NAME = AppIcon;
				INFOPLIST_FILE = AutoLayouts/Info.plist;
				LD_RUNPATH_SEARCH_PATHS = "$(inherited) @executable_path/Frameworks";
				PRODUCT_BUNDLE_IDENTIFIER = example.AutoLayouts;
				PRODUCT_NAME = "$(TARGET_NAME)";
			};
			name = Debug;
		};
		8C1509DB1E82ACDB00D66AD2 /* Release */ = {
			isa = XCBuildConfiguration;
			buildSettings = {
				ASSETCATALOG_COMPILER_APPICON_NAME = AppIcon;
				INFOPLIST_FILE = AutoLayouts/Info.plist;
				LD_RUNPATH_SEARCH_PATHS = "$(inherited) @executable_path/Frameworks";
				PRODUCT_BUNDLE_IDENTIFIER = example.AutoLayouts;
				PRODUCT_NAME = "$(TARGET_NAME)";
			};
			name = Release;
		};
		8C1509DD1E82ACDB00D66AD2 /* Debug */ = {
			isa = XCBuildConfiguration;
			buildSettings = {
				BUNDLE_LOADER = "$(TEST_HOST)";
				INFOPLIST_FILE = AutoLayoutsTests/Info.plist;
				LD_RUNPATH_SEARCH_PATHS = "$(inherited) @executable_path/Frameworks @loader_path/Frameworks";
				PRODUCT_BUNDLE_IDENTIFIER = example.AutoLayoutsTests;
				PRODUCT_NAME = "$(TARGET_NAME)";
				TEST_HOST = "$(BUILT_PRODUCTS_DIR)/AutoLayouts.app/AutoLayouts";
			};
			name = Debug;
		};
		8C1509DE1E82ACDB00D66AD2 /* Release */ = {
			isa = XCBuildConfiguration;
			buildSettings = {
				BUNDLE_LOADER = "$(TEST_HOST)";
				INFOPLIST_FILE = AutoLayoutsTests/Info.plist;
				LD_RUNPATH_SEARCH_PATHS = "$(inherited) @executable_path/Frameworks @loader_path/Frameworks";
				PRODUCT_BUNDLE_IDENTIFIER = example.AutoLayoutsTests;
				PRODUCT_NAME = "$(TARGET_NAME)";
				TEST_HOST = "$(BUILT_PRODUCTS_DIR)/AutoLayouts.app/AutoLayouts";
			};
			name = Release;
		};
		8C1509E01E82ACDB00D66AD2 /* Debug */ = {
			isa = XCBuildConfiguration;
			buildSettings = {
				INFOPLIST_FILE = AutoLayoutsUITests/Info.plist;
				LD_RUNPATH_SEARCH_PATHS = "$(inherited) @executable_path/Frameworks @loader_path/Frameworks";
				PRODUCT_BUNDLE_IDENTIFIER = example.AutoLayoutsUITests;
				PRODUCT_NAME = "$(TARGET_NAME)";
				TEST_TARGET_NAME = AutoLayouts;
			};
			name = Debug;
		};
		8C1509E11E82ACDB00D66AD2 /* Release */ = {
			isa = XCBuildConfiguration;
			buildSettings = {
				INFOPLIST_FILE = AutoLayoutsUITests/Info.plist;
				LD_RUNPATH_SEARCH_PATHS = "$(inherited) @executable_path/Frameworks @loader_path/Frameworks";
				PRODUCT_BUNDLE_IDENTIFIER = example.AutoLayoutsUITests;
				PRODUCT_NAME = "$(TARGET_NAME)";
				TEST_TARGET_NAME = AutoLayouts;
			};
			name = Release;
		};
/* End XCBuildConfiguration section */

/* Begin XCConfigurationList section */
		8C1509A71E82ACDA00D66AD2 /* Build configuration list for PBXProject "AutoLayouts" */ = {
			isa = XCConfigurationList;
			buildConfigurations = (
				8C1509D71E82ACDB00D66AD2 /* Debug */,
				8C1509D81E82ACDB00D66AD2 /* Release */,
			);
			defaultConfigurationIsVisible = 0;
			defaultConfigurationName = Release;
		};
		8C1509D91E82ACDB00D66AD2 /* Build configuration list for PBXNativeTarget "AutoLayouts" */ = {
			isa = XCConfigurationList;
			buildConfigurations = (
				8C1509DA1E82ACDB00D66AD2 /* Debug */,
				8C1509DB1E82ACDB00D66AD2 /* Release */,
			);
			defaultConfigurationIsVisible = 0;
		};
		8C1509DC1E82ACDB00D66AD2 /* Build configuration list for PBXNativeTarget "AutoLayoutsTests" */ = {
			isa = XCConfigurationList;
			buildConfigurations = (
				8C1509DD1E82ACDB00D66AD2 /* Debug */,
				8C1509DE1E82ACDB00D66AD2 /* Release */,
			);
			defaultConfigurationIsVisible = 0;
		};
		8C1509DF1E82ACDB00D66AD2 /* Build configuration list for PBXNativeTarget "AutoLayoutsUITests" */ = {
			isa = XCConfigurationList;
			buildConfigurations = (
				8C1509E01E82ACDB00D66AD2 /* Debug */,
				8C1509E11E82ACDB00D66AD2 /* Release */,
			);
			defaultConfigurationIsVisible = 0;
		};
/* End XCConfigurationList section */
	};
	rootObject = 8C1509A41E82ACDA00D66AD2 /* Project object */;
}
